{
  "name": "weyue-wxapp-master",
  "version": "1.0.0",
  "lockfileVersion": 3,
  "requires": true,
  "packages": {
    "": {
      "name": "weyue-wxapp-master",
      "version": "1.0.0",
      "license": "ISC",
      "dependencies": {
        "@vant/weapp": "^1.10.19",
        "weui-miniprogram": "^1.2.7"
      }
    },
    "node_modules/@vant/weapp": {
      "version": "1.10.19",
      "resolved": "https://registry.npmjs.org/@vant/weapp/-/weapp-1.10.19.tgz",
      "integrity": "sha512-RStOPlSELi9lqim9dGagguViUVMNnfZaEceZ248JZgPjn5TzL2nwwHGWl9VI69SBPC+5MPS+LXm7Z4jcdscFeg=="
    },
    "node_modules/weui-miniprogram": {
      "version": "1.2.7",
      "resolved": "https://registry.npmmirror.com/weui-miniprogram/-/weui-miniprogram-1.2.7.tgz",
      "integrity": "sha512-KuoMzfwqw8x0jdURJc3NnsHziNOw11e6EJsW4mkROIH6QQjorMEhwAxj6aFZuPRnGZLFFFIz2TATxlUYxqoh0Q=="
    }
  }
}
